
Microsoft Visual Studio Solution File, Format Version 12.00
# Visual Studio 15
VisualStudioVersion = 15.0.26228.4
MinimumVisualStudioVersion = 10.0.40219.1
Project("{FAE04EC0-301F-11D3-BF4B-00C04F79EFBC}") = "SlimCollections", "SlimCollections\SlimCollections.csproj", "{E94F40A7-DAFA-4241-9033-4204810CC448}"
EndProject
Project("{FAE04EC0-301F-11D3-BF4B-00C04F79EFBC}") = "Tests", "Tests\Tests.csproj", "{93F1B020-7498-4DCF-BD6D-7E5054763174}"
EndProject
Global
	GlobalSection(SolutionConfigurationPlatforms) = preSolution
		Debug|Any CPU = Debug|Any CPU
		Debug|x64 = Debug|x64
		Debug|x86 = Debug|x86
		Release|Any CPU = Release|Any CPU
		Release|x64 = Release|x64
		Release|x86 = Release|x86
	EndGlobalSection
	GlobalSection(ProjectConfigurationPlatforms) = postSolution
		{E94F40A7-DAFA-4241-9033-4204810CC448}.Debug|Any CPU.ActiveCfg = Debug|Any CPU
		{E94F40A7-DAFA-4241-9033-4204810CC448}.Debug|Any CPU.Build.0 = Debug|Any CPU
		{E94F40A7-DAFA-4241-9033-4204810CC448}.Debug|x64.ActiveCfg = Debug|Any CPU
		{E94F40A7-DAFA-4241-9033-4204810CC448}.Debug|x64.Build.0 = Debug|Any CPU
		{E94F40A7-DAFA-4241-9033-4204810CC448}.Debug|x86.ActiveCfg = Debug|Any CPU
		{E94F40A7-DAFA-4241-9033-4204810CC448}.Debug|x86.Build.0 = Debug|Any CPU
		{E94F40A7-DAFA-4241-9033-4204810CC448}.Release|Any CPU.ActiveCfg = Release|Any CPU
		{E94F40A7-DAFA-4241-9033-4204810CC448}.Release|Any CPU.Build.0 = Release|Any CPU
		{E94F40A7-DAFA-4241-9033-4204810CC448}.Release|x64.ActiveCfg = Release|Any CPU
		{E94F40A7-DAFA-4241-9033-4204810CC448}.Release|x64.Build.0 = Release|Any CPU
		{E94F40A7-DAFA-4241-9033-4204810CC448}.Release|x86.ActiveCfg = Release|Any CPU
		{E94F40A7-DAFA-4241-9033-4204810CC448}.Release|x86.Build.0 = Release|Any CPU
		{93F1B020-7498-4DCF-BD6D-7E5054763174}.Debug|Any CPU.ActiveCfg = Debug|Any CPU
		{93F1B020-7498-4DCF-BD6D-7E5054763174}.Debug|Any CPU.Build.0 = Debug|Any CPU
		{93F1B020-7498-4DCF-BD6D-7E5054763174}.Debug|x64.ActiveCfg = Debug|Any CPU
		{93F1B020-7498-4DCF-BD6D-7E5054763174}.Debug|x64.Build.0 = Debug|Any CPU
		{93F1B020-7498-4DCF-BD6D-7E5054763174}.Debug|x86.ActiveCfg = Debug|Any CPU
		{93F1B020-7498-4DCF-BD6D-7E5054763174}.Debug|x86.Build.0 = Debug|Any CPU
		{93F1B020-7498-4DCF-BD6D-7E5054763174}.Release|Any CPU.ActiveCfg = Release|Any CPU
		{93F1B020-7498-4DCF-BD6D-7E5054763174}.Release|Any CPU.Build.0 = Release|Any CPU
		{93F1B020-7498-4DCF-BD6D-7E5054763174}.Release|x64.ActiveCfg = Release|Any CPU
		{93F1B020-7498-4DCF-BD6D-7E5054763174}.Release|x64.Build.0 = Release|Any CPU
		{93F1B020-7498-4DCF-BD6D-7E5054763174}.Release|x86.ActiveCfg = Release|Any CPU
		{93F1B020-7498-4DCF-BD6D-7E5054763174}.Release|x86.Build.0 = Release|Any CPU
	EndGlobalSection
	GlobalSection(SolutionProperties) = preSolution
		HideSolutionNode = FALSE
	EndGlobalSection
EndGlobal
